
Microsoft Visual Studio Solution File, Format Version 12.00
# Visual Studio 2013
VisualStudioVersion = 12.0.31101.0
MinimumVisualStudioVersion = 10.0.40219.1
Project("{FAE04EC0-301F-11D3-BF4B-00C04F79EFBC}") = "EndlessLobster.Domain", "EndlessLobster.Domain\EndlessLobster.Domain.csproj", "{6098F6CA-D2BA-48BB-A085-D73789186583}"
EndProject
Project("{FAE04EC0-301F-11D3-BF4B-00C04F79EFBC}") = "EndlessLobster.Application", "EndlessLobster.Application\EndlessLobster.Application.csproj", "{A9AC7190-6B11-4729-9F31-8120FE6A570A}"
EndProject
Project("{FAE04EC0-301F-11D3-BF4B-00C04F79EFBC}") = "EndlessLobster.Domain.Tests", "EndlessLobster.Domain.Tests\EndlessLobster.Domain.Tests.csproj", "{17223BFD-054D-4D7D-984F-EDAC4FFCC9CF}"
EndProject
Project("{2150E333-8FDC-42A3-9474-1A3956D46DE8}") = ".nuget", ".nuget", "{D639513C-3AFB-4861-A9BA-11A981ECEAF8}"
	ProjectSection(SolutionItems) = preProject
		.nuget\packages.config = .nuget\packages.config
	EndProjectSection
EndProject
Global
	GlobalSection(SolutionConfigurationPlatforms) = preSolution
		Debug|Any CPU = Debug|Any CPU
		Release|Any CPU = Release|Any CPU
	EndGlobalSection
	GlobalSection(ProjectConfigurationPlatforms) = postSolution
		{6098F6CA-D2BA-48BB-A085-D73789186583}.Debug|Any CPU.ActiveCfg = Debug|Any CPU
		{6098F6CA-D2BA-48BB-A085-D73789186583}.Debug|Any CPU.Build.0 = Debug|Any CPU
		{6098F6CA-D2BA-48BB-A085-D73789186583}.Release|Any CPU.ActiveCfg = Release|Any CPU
		{6098F6CA-D2BA-48BB-A085-D73789186583}.Release|Any CPU.Build.0 = Release|Any CPU
		{A9AC7190-6B11-4729-9F31-8120FE6A570A}.Debug|Any CPU.ActiveCfg = Debug|Any CPU
		{A9AC7190-6B11-4729-9F31-8120FE6A570A}.Debug|Any CPU.Build.0 = Debug|Any CPU
		{A9AC7190-6B11-4729-9F31-8120FE6A570A}.Release|Any CPU.ActiveCfg = Release|Any CPU
		{A9AC7190-6B11-4729-9F31-8120FE6A570A}.Release|Any CPU.Build.0 = Release|Any CPU
		{17223BFD-054D-4D7D-984F-EDAC4FFCC9CF}.Debug|Any CPU.ActiveCfg = Debug|Any CPU
		{17223BFD-054D-4D7D-984F-EDAC4FFCC9CF}.Debug|Any CPU.Build.0 = Debug|Any CPU
		{17223BFD-054D-4D7D-984F-EDAC4FFCC9CF}.Release|Any CPU.ActiveCfg = Release|Any CPU
		{17223BFD-054D-4D7D-984F-EDAC4FFCC9CF}.Release|Any CPU.Build.0 = Release|Any CPU
	EndGlobalSection
	GlobalSection(SolutionProperties) = preSolution
		HideSolutionNode = FALSE
	EndGlobalSection
EndGlobal
